
Microsoft Visual Studio Solution File, Format Version 12.00
# Visual Studio Version 17
VisualStudioVersion = 17.13.35931.197
MinimumVisualStudioVersion = 10.0.40219.1
Project("{FAE04EC0-301F-11D3-BF4B-00C04F79EFBC}") = "UI", "UI\UI.csproj", "{47047680-116F-4939-9085-2D99394E2E4B}"
EndProject
Project("{FAE04EC0-301F-11D3-BF4B-00C04F79EFBC}") = "BLL", "BLL\BLL.csproj", "{DE007B53-33A7-4C76-A521-8B4F6A89D614}"
EndProject
Project("{FAE04EC0-301F-11D3-BF4B-00C04F79EFBC}") = "DAL", "DAL\DAL.csproj", "{6BCF44EB-ADD2-495E-A569-9760701BCE1B}"
EndProject
Global
	GlobalSection(SolutionConfigurationPlatforms) = preSolution
		Debug|Any CPU = Debug|Any CPU
		Release|Any CPU = Release|Any CPU
	EndGlobalSection
	GlobalSection(ProjectConfigurationPlatforms) = postSolution
		{47047680-116F-4939-9085-2D99394E2E4B}.Debug|Any CPU.ActiveCfg = Debug|Any CPU
		{47047680-116F-4939-9085-2D99394E2E4B}.Debug|Any CPU.Build.0 = Debug|Any CPU
		{47047680-116F-4939-9085-2D99394E2E4B}.Release|Any CPU.ActiveCfg = Release|Any CPU
		{47047680-116F-4939-9085-2D99394E2E4B}.Release|Any CPU.Build.0 = Release|Any CPU
		{DE007B53-33A7-4C76-A521-8B4F6A89D614}.Debug|Any CPU.ActiveCfg = Debug|Any CPU
		{DE007B53-33A7-4C76-A521-8B4F6A89D614}.Debug|Any CPU.Build.0 = Debug|Any CPU
		{DE007B53-33A7-4C76-A521-8B4F6A89D614}.Release|Any CPU.ActiveCfg = Release|Any CPU
		{DE007B53-33A7-4C76-A521-8B4F6A89D614}.Release|Any CPU.Build.0 = Release|Any CPU
		{6BCF44EB-ADD2-495E-A569-9760701BCE1B}.Debug|Any CPU.ActiveCfg = Debug|Any CPU
		{6BCF44EB-ADD2-495E-A569-9760701BCE1B}.Debug|Any CPU.Build.0 = Debug|Any CPU
		{6BCF44EB-ADD2-495E-A569-9760701BCE1B}.Release|Any CPU.ActiveCfg = Release|Any CPU
		{6BCF44EB-ADD2-495E-A569-9760701BCE1B}.Release|Any CPU.Build.0 = Release|Any CPU
	EndGlobalSection
	GlobalSection(SolutionProperties) = preSolution
		HideSolutionNode = FALSE
	EndGlobalSection
	GlobalSection(ExtensibilityGlobals) = postSolution
		SolutionGuid = {4160C291-E3F8-45E8-9CE4-3E7F73854B34}
	EndGlobalSection
EndGlobal
